// !$*UTF8*$!
{
	archiveVersion = 1;
	classes = {
	};
	objectVersion = 77;
	objects = {

/* Begin PBXBuildFile section */
		2FD11817C7502826ACB922FE /* ContentView.swift in Sources */ = {isa = PBXBuildFile; fileRef = A99915138BFCB1729623B882 /* ContentView.swift */; };
		5223CA74A4C57BECE6DFABF9 /* SkillCatalog.swift in Sources */ = {isa = PBXBuildFile; fileRef = BA66C4460FF8AA17C5782AAB /* SkillCatalog.swift */; };
		584BC03D6C3C3BF153FBBB37 /* DBTSkillsTrackerApp.swift in Sources */ = {isa = PBXBuildFile; fileRef = 169AF785E0F87AF68117AB1D /* DBTSkillsTrackerApp.swift */; };
		5F3060EB3049CAA142140631 /* SkillEntry.swift in Sources */ = {isa = PBXBuildFile; fileRef = 14996343B71190FF0B452F5F /* SkillEntry.swift */; };
		7AA7885FC6335AE758380C0A /* AddEntryView.swift in Sources */ = {isa = PBXBuildFile; fileRef = CE12A4B29FDAF3FB0D154FDB /* AddEntryView.swift */; };
		9FB6C2B3EFFA9250D652CB76 /* SkillDescriptions.swift in Sources */ = {isa = PBXBuildFile; fileRef = AB3D3C6D783FE1237C1754F6 /* SkillDescriptions.swift */; };
		B80998272EC41D87337D35AB /* Assets.xcassets in Resources */ = {isa = PBXBuildFile; fileRef = 6913107D2E1F06EE9C35F4D1 /* Assets.xcassets */; };
		C60552A862AF0B1D1B8487C1 /* ExportView.swift in Sources */ = {isa = PBXBuildFile; fileRef = AB99134FA1DB83717345122F /* ExportView.swift */; };
		CFDFFFAE8BE812139B3597F9 /* LogView.swift in Sources */ = {isa = PBXBuildFile; fileRef = 9A0595A7E9BA8BCCEB22D993 /* LogView.swift */; };
/* End PBXBuildFile section */

/* Begin PBXFileReference section */
		14996343B71190FF0B452F5F /* SkillEntry.swift */ = {isa = PBXFileReference; lastKnownFileType = sourcecode.swift; path = SkillEntry.swift; sourceTree = "<group>"; };
		169AF785E0F87AF68117AB1D /* DBTSkillsTrackerApp.swift */ = {isa = PBXFileReference; lastKnownFileType = sourcecode.swift; path = DBTSkillsTrackerApp.swift; sourceTree = "<group>"; };
		6913107D2E1F06EE9C35F4D1 /* Assets.xcassets */ = {isa = PBXFileReference; lastKnownFileType = folder.assetcatalog; path = Assets.xcassets; sourceTree = "<group>"; };
		9A0595A7E9BA8BCCEB22D993 /* LogView.swift */ = {isa = PBXFileReference; lastKnownFileType = sourcecode.swift; path = LogView.swift; sourceTree = "<group>"; };
		A99915138BFCB1729623B882 /* ContentView.swift */ = {isa = PBXFileReference; lastKnownFileType = sourcecode.swift; path = ContentView.swift; sourceTree = "<group>"; };
		AB3D3C6D783FE1237C1754F6 /* SkillDescriptions.swift */ = {isa = PBXFileReference; lastKnownFileType = sourcecode.swift; path = SkillDescriptions.swift; sourceTree = "<group>"; };
		AB99134FA1DB83717345122F /* ExportView.swift */ = {isa = PBXFileReference; lastKnownFileType = sourcecode.swift; path = ExportView.swift; sourceTree = "<group>"; };
		BA66C4460FF8AA17C5782AAB /* SkillCatalog.swift */ = {isa = PBXFileReference; lastKnownFileType = sourcecode.swift; path = SkillCatalog.swift; sourceTree = "<group>"; };
		CE12A4B29FDAF3FB0D154FDB /* AddEntryView.swift */ = {isa = PBXFileReference; lastKnownFileType = sourcecode.swift; path = AddEntryView.swift; sourceTree = "<group>"; };
		E540BCAAD3889C83E689DACC /* DBTSkillsTracker.app */ = {isa = PBXFileReference; includeInIndex = 0; lastKnownFileType = wrapper.application; path = DBTSkillsTracker.app; sourceTree = BUILT_PRODUCTS_DIR; };
/* End PBXFileReference section */

/* Begin PBXGroup section */
		0E04E65C9A795B4955027E77 /* Views */ = {
			isa = PBXGroup;
			children = (
				CE12A4B29FDAF3FB0D154FDB /* AddEntryView.swift */,
				AB99134FA1DB83717345122F /* ExportView.swift */,
				9A0595A7E9BA8BCCEB22D993 /* LogView.swift */,
			);
			path = Views;
			sourceTree = "<group>";
		};
		11947C85FB6D2CAB5E98CB43 /* Products */ = {
			isa = PBXGroup;
			children = (
				E540BCAAD3889C83E689DACC /* DBTSkillsTracker.app */,
			);
			name = Products;
			sourceTree = "<group>";
		};
		857E79417FDBFD13D28A1DB6 /* DBTSkillsTracker */ = {
			isa = PBXGroup;
			children = (
				6913107D2E1F06EE9C35F4D1 /* Assets.xcassets */,
				A99915138BFCB1729623B882 /* ContentView.swift */,
				169AF785E0F87AF68117AB1D /* DBTSkillsTrackerApp.swift */,
				F202DAC799361B817A7F509F /* Data */,
				9FA17464B4F128325C131D38 /* Models */,
				0E04E65C9A795B4955027E77 /* Views */,
			);
			path = DBTSkillsTracker;
			sourceTree = "<group>";
		};
		9120CD379A45A8967358429C = {
			isa = PBXGroup;
			children = (
				857E79417FDBFD13D28A1DB6 /* DBTSkillsTracker */,
				11947C85FB6D2CAB5E98CB43 /* Products */,
			);
			sourceTree = "<group>";
		};
		9FA17464B4F128325C131D38 /* Models */ = {
			isa = PBXGroup;
			children = (
				14996343B71190FF0B452F5F /* SkillEntry.swift */,
			);
			path = Models;
			sourceTree = "<group>";
		};
		F202DAC799361B817A7F509F /* Data */ = {
			isa = PBXGroup;
			children = (
				BA66C4460FF8AA17C5782AAB /* SkillCatalog.swift */,
				AB3D3C6D783FE1237C1754F6 /* SkillDescriptions.swift */,
			);
			path = Data;
			sourceTree = "<group>";
		};
/* End PBXGroup section */

/* Begin PBXNativeTarget section */
		A2DD9833339B8E97539CF1C5 /* DBTSkillsTracker */ = {
			isa = PBXNativeTarget;
			buildConfigurationList = B529C8111B3AA4F3A910077D /* Build configuration list for PBXNativeTarget "DBTSkillsTracker" */;
			buildPhases = (
				DAF732C9F2167FF69494E5D6 /* Sources */,
				5E5D423A9C31266A03C6776B /* Resources */,
			);
			buildRules = (
			);
			dependencies = (
			);
			name = DBTSkillsTracker;
			packageProductDependencies = (
			);
			productName = DBTSkillsTracker;
			productReference = E540BCAAD3889C83E689DACC /* DBTSkillsTracker.app */;
			productType = "com.apple.product-type.application";
		};
/* End PBXNativeTarget section */

/* Begin PBXProject section */
		A59398EFDCFCA277C915F0B6 /* Project object */ = {
			isa = PBXProject;
			attributes = {
				BuildIndependentTargetsInParallel = YES;
				LastUpgradeCheck = 1600;
				TargetAttributes = {
					A2DD9833339B8E97539CF1C5 = {
						DevelopmentTeam = N2388R7665;
					};
				};
			};
			buildConfigurationList = 25FBBEE7B659AE419AF681DC /* Build configuration list for PBXProject "DBTSkillsTracker" */;
			compatibilityVersion = "Xcode 14.0";
			developmentRegion = en;
			hasScannedForEncodings = 0;
			knownRegions = (
				Base,
				en,
			);
			mainGroup = 9120CD379A45A8967358429C;
			minimizedProjectReferenceProxies = 1;
			preferredProjectObjectVersion = 77;
			projectDirPath = "";
			projectRoot = "";
			targets = (
				A2DD9833339B8E97539CF1C5 /* DBTSkillsTracker */,
			);
		};
/* End PBXProject section */

/* Begin PBXResourcesBuildPhase section */
		5E5D423A9C31266A03C6776B /* Resources */ = {
			isa = PBXResourcesBuildPhase;
			buildActionMask = 2147483647;
			files = (
				B80998272EC41D87337D35AB /* Assets.xcassets in Resources */,
			);
			runOnlyForDeploymentPostprocessing = 0;
		};
/* End PBXResourcesBuildPhase section */

/* Begin PBXSourcesBuildPhase section */
		DAF732C9F2167FF69494E5D6 /* Sources */ = {
			isa = PBXSourcesBuildPhase;
			buildActionMask = 2147483647;
			files = (
				7AA7885FC6335AE758380C0A /* AddEntryView.swift in Sources */,
				2FD11817C7502826ACB922FE /* ContentView.swift in Sources */,
				584BC03D6C3C3BF153FBBB37 /* DBTSkillsTrackerApp.swift in Sources */,
				C60552A862AF0B1D1B8487C1 /* ExportView.swift in Sources */,
				CFDFFFAE8BE812139B3597F9 /* LogView.swift in Sources */,
				5223CA74A4C57BECE6DFABF9 /* SkillCatalog.swift in Sources */,
				9FB6C2B3EFFA9250D652CB76 /* SkillDescriptions.swift in Sources */,
				5F3060EB3049CAA142140631 /* SkillEntry.swift in Sources */,
			);
			runOnlyForDeploymentPostprocessing = 0;
		};
/* End PBXSourcesBuildPhase section */

/* Begin XCBuildConfiguration section */
		8D46B1FDA9FFC49362A2997D /* Release */ = {
			isa = XCBuildConfiguration;
			buildSettings = {
				ASSETCATALOG_COMPILER_APPICON_NAME = AppIcon;
				CODE_SIGN_IDENTITY = "iPhone Developer";
				CURRENT_PROJECT_VERSION = 1;
				GENERATE_INFOPLIST_FILE = YES;
				INFOPLIST_KEY_CFBundleDisplayName = "DBT Tracker";
				INFOPLIST_KEY_UIApplicationSceneManifest_Generation = YES;
				INFOPLIST_KEY_UIApplicationSupportsIndirectInputEvents = YES;
				INFOPLIST_KEY_UILaunchScreen_Generation = YES;
				INFOPLIST_KEY_UISupportedInterfaceOrientations_iPad = "UIInterfaceOrientationPortrait UIInterfaceOrientationPortraitUpsideDown UIInterfaceOrientationLandscapeLeft UIInterfaceOrientationLandscapeRight";
				INFOPLIST_KEY_UISupportedInterfaceOrientations_iPhone = "UIInterfaceOrientationPortrait UIInterfaceOrientationLandscapeLeft UIInterfaceOrientationLandscapeRight";
				LD_RUNPATH_SEARCH_PATHS = (
					"$(inherited)",
					"@executable_path/Frameworks",
				);
				MARKETING_VERSION = 1.0.0;
				PRODUCT_BUNDLE_IDENTIFIER = com.ericzhou.DBTSkillsTracker;
				SDKROOT = iphoneos;
				TARGETED_DEVICE_FAMILY = "1,2";
			};
			name = Release;
		};
		9A6D03364D01A84806A97035 /* Debug */ = {
			isa = XCBuildConfiguration;
			buildSettings = {
				ASSETCATALOG_COMPILER_APPICON_NAME = AppIcon;
				CODE_SIGN_IDENTITY = "iPhone Developer";
				CURRENT_PROJECT_VERSION = 1;
				GENERATE_INFOPLIST_FILE = YES;
				INFOPLIST_KEY_CFBundleDisplayName = "DBT Tracker";
				INFOPLIST_KEY_UIApplicationSceneManifest_Generation = YES;
				INFOPLIST_KEY_UIApplicationSupportsIndirectInputEvents = YES;
				INFOPLIST_KEY_UILaunchScreen_Generation = YES;
				INFOPLIST_KEY_UISupportedInterfaceOrientations_iPad = "UIInterfaceOrientationPortrait UIInterfaceOrientationPortraitUpsideDown UIInterfaceOrientationLandscapeLeft UIInterfaceOrientationLandscapeRight";
				INFOPLIST_KEY_UISupportedInterfaceOrientations_iPhone = "UIInterfaceOrientationPortrait UIInterfaceOrientationLandscapeLeft UIInterfaceOrientationLandscapeRight";
				LD_RUNPATH_SEARCH_PATHS = (
					"$(inherited)",
					"@executable_path/Frameworks",
				);
				MARKETING_VERSION = 1.0.0;
				PRODUCT_BUNDLE_IDENTIFIER = com.ericzhou.DBTSkillsTracker;
				SDKROOT = iphoneos;
				TARGETED_DEVICE_FAMILY = "1,2";
			};
			name = Debug;
		};
		A9B2B21F97BB339E7A5282F6 /* Release */ = {
			isa = XCBuildConfiguration;
			buildSettings = {
				ALWAYS_SEARCH_USER_PATHS = NO;
				CLANG_ANALYZER_NONNULL = YES;
				CLANG_ANALYZER_NUMBER_OBJECT_CONVERSION = YES_AGGRESSIVE;
				CLANG_CXX_LANGUAGE_STANDARD = "gnu++14";
				CLANG_CXX_LIBRARY = "libc++";
				CLANG_ENABLE_MODULES = YES;
				CLANG_ENABLE_OBJC_ARC = YES;
				CLANG_ENABLE_OBJC_WEAK = YES;
				CLANG_WARN_BLOCK_CAPTURE_AUTORELEASING = YES;
				CLANG_WARN_BOOL_CONVERSION = YES;
				CLANG_WARN_COMMA = YES;
				CLANG_WARN_CONSTANT_CONVERSION = YES;
				CLANG_WARN_DEPRECATED_OBJC_IMPLEMENTATIONS = YES;
				CLANG_WARN_DIRECT_OBJC_ISA_USAGE = YES_ERROR;
				CLANG_WARN_DOCUMENTATION_COMMENTS = YES;
				CLANG_WARN_EMPTY_BODY = YES;
				CLANG_WARN_ENUM_CONVERSION = YES;
				CLANG_WARN_INFINITE_RECURSION = YES;
				CLANG_WARN_INT_CONVERSION = YES;
				CLANG_WARN_NON_LITERAL_NULL_CONVERSION = YES;
				CLANG_WARN_OBJC_IMPLICIT_RETAIN_SELF = YES;
				CLANG_WARN_OBJC_LITERAL_CONVERSION = YES;
				CLANG_WARN_OBJC_ROOT_CLASS = YES_ERROR;
				CLANG_WARN_QUOTED_INCLUDE_IN_FRAMEWORK_HEADER = YES;
				CLANG_WARN_RANGE_LOOP_ANALYSIS = YES;
				CLANG_WARN_STRICT_PROTOTYPES = YES;
				CLANG_WARN_SUSPICIOUS_MOVE = YES;
				CLANG_WARN_UNGUARDED_AVAILABILITY = YES_AGGRESSIVE;
				CLANG_WARN_UNREACHABLE_CODE = YES;
				CLANG_WARN__DUPLICATE_METHOD_MATCH = YES;
				COPY_PHASE_STRIP = NO;
				DEBUG_INFORMATION_FORMAT = "dwarf-with-dsym";
				DEVELOPMENT_TEAM = N2388R7665;
				ENABLE_NS_ASSERTIONS = NO;
				ENABLE_STRICT_OBJC_MSGSEND = YES;
				GCC_C_LANGUAGE_STANDARD = gnu11;
				GCC_NO_COMMON_BLOCKS = YES;
				GCC_WARN_64_TO_32_BIT_CONVERSION = YES;
				GCC_WARN_ABOUT_RETURN_TYPE = YES_ERROR;
				GCC_WARN_UNDECLARED_SELECTOR = YES;
				GCC_WARN_UNINITIALIZED_AUTOS = YES_AGGRESSIVE;
				GCC_WARN_UNUSED_FUNCTION = YES;
				GCC_WARN_UNUSED_VARIABLE = YES;
				IPHONEOS_DEPLOYMENT_TARGET = 17.0;
				MTL_ENABLE_DEBUG_INFO = NO;
				MTL_FAST_MATH = YES;
				PRODUCT_NAME = "$(TARGET_NAME)";
				SDKROOT = iphoneos;
				SWIFT_COMPILATION_MODE = wholemodule;
				SWIFT_OPTIMIZATION_LEVEL = "-O";
				SWIFT_VERSION = 5.9;
			};
			name = Release;
		};
		FB193D658A8670335DBE8B47 /* Debug */ = {
			isa = XCBuildConfiguration;
			buildSettings = {
				ALWAYS_SEARCH_USER_PATHS = NO;
				CLANG_ANALYZER_NONNULL = YES;
				CLANG_ANALYZER_NUMBER_OBJECT_CONVERSION = YES_AGGRESSIVE;
				CLANG_CXX_LANGUAGE_STANDARD = "gnu++14";
				CLANG_CXX_LIBRARY = "libc++";
				CLANG_ENABLE_MODULES = YES;
				CLANG_ENABLE_OBJC_ARC = YES;
				CLANG_ENABLE_OBJC_WEAK = YES;
				CLANG_WARN_BLOCK_CAPTURE_AUTORELEASING = YES;
				CLANG_WARN_BOOL_CONVERSION = YES;
				CLANG_WARN_COMMA = YES;
				CLANG_WARN_CONSTANT_CONVERSION = YES;
				CLANG_WARN_DEPRECATED_OBJC_IMPLEMENTATIONS = YES;
				CLANG_WARN_DIRECT_OBJC_ISA_USAGE = YES_ERROR;
				CLANG_WARN_DOCUMENTATION_COMMENTS = YES;
				CLANG_WARN_EMPTY_BODY = YES;
				CLANG_WARN_ENUM_CONVERSION = YES;
				CLANG_WARN_INFINITE_RECURSION = YES;
				CLANG_WARN_INT_CONVERSION = YES;
				CLANG_WARN_NON_LITERAL_NULL_CONVERSION = YES;
				CLANG_WARN_OBJC_IMPLICIT_RETAIN_SELF = YES;
				CLANG_WARN_OBJC_LITERAL_CONVERSION = YES;
				CLANG_WARN_OBJC_ROOT_CLASS = YES_ERROR;
				CLANG_WARN_QUOTED_INCLUDE_IN_FRAMEWORK_HEADER = YES;
				CLANG_WARN_RANGE_LOOP_ANALYSIS = YES;
				CLANG_WARN_STRICT_PROTOTYPES = YES;
				CLANG_WARN_SUSPICIOUS_MOVE = YES;
				CLANG_WARN_UNGUARDED_AVAILABILITY = YES_AGGRESSIVE;
				CLANG_WARN_UNREACHABLE_CODE = YES;
				CLANG_WARN__DUPLICATE_METHOD_MATCH = YES;
				COPY_PHASE_STRIP = NO;
				DEBUG_INFORMATION_FORMAT = dwarf;
				DEVELOPMENT_TEAM = N2388R7665;
				ENABLE_STRICT_OBJC_MSGSEND = YES;
				ENABLE_TESTABILITY = YES;
				GCC_C_LANGUAGE_STANDARD = gnu11;
				GCC_DYNAMIC_NO_PIC = NO;
				GCC_NO_COMMON_BLOCKS = YES;
				GCC_OPTIMIZATION_LEVEL = 0;
				GCC_PREPROCESSOR_DEFINITIONS = (
					"$(inherited)",
					"DEBUG=1",
				);
				GCC_WARN_64_TO_32_BIT_CONVERSION = YES;
				GCC_WARN_ABOUT_RETURN_TYPE = YES_ERROR;
				GCC_WARN_UNDECLARED_SELECTOR = YES;
				GCC_WARN_UNINITIALIZED_AUTOS = YES_AGGRESSIVE;
				GCC_WARN_UNUSED_FUNCTION = YES;
				GCC_WARN_UNUSED_VARIABLE = YES;
				IPHONEOS_DEPLOYMENT_TARGET = 17.0;
				MTL_ENABLE_DEBUG_INFO = INCLUDE_SOURCE;
				MTL_FAST_MATH = YES;
				ONLY_ACTIVE_ARCH = YES;
				PRODUCT_NAME = "$(TARGET_NAME)";
				SDKROOT = iphoneos;
				SWIFT_ACTIVE_COMPILATION_CONDITIONS = DEBUG;
				SWIFT_OPTIMIZATION_LEVEL = "-Onone";
				SWIFT_VERSION = 5.9;
			};
			name = Debug;
		};
/* End XCBuildConfiguration section */

/* Begin XCConfigurationList section */
		25FBBEE7B659AE419AF681DC /* Build configuration list for PBXProject "DBTSkillsTracker" */ = {
			isa = XCConfigurationList;
			buildConfigurations = (
				FB193D658A8670335DBE8B47 /* Debug */,
				A9B2B21F97BB339E7A5282F6 /* Release */,
			);
			defaultConfigurationIsVisible = 0;
			defaultConfigurationName = Debug;
		};
		B529C8111B3AA4F3A910077D /* Build configuration list for PBXNativeTarget "DBTSkillsTracker" */ = {
			isa = XCConfigurationList;
			buildConfigurations = (
				9A6D03364D01A84806A97035 /* Debug */,
				8D46B1FDA9FFC49362A2997D /* Release */,
			);
			defaultConfigurationIsVisible = 0;
			defaultConfigurationName = Debug;
		};
/* End XCConfigurationList section */
	};
	rootObject = A59398EFDCFCA277C915F0B6 /* Project object */;
}
